Microsoft Visual Studio Solution File, Format Version 12.00
# Visual Studio Version 17
VisualStudioVersion = 17.5.2.0
MinimumVisualStudioVersion = 10.0.40219.1
Project("{FAE04EC0-301F-11D3-BF4B-00C04F79EFBC}") = "TagLineGenerator", "TagLineGenerator.csproj", "{0E963B0F-81EB-696A-C216-79E4E381E68A}"
EndProject
Global
	GlobalSection(SolutionConfigurationPlatforms) = preSolution
		Debug|Any CPU = Debug|Any CPU
		Release|Any CPU = Release|Any CPU
	EndGlobalSection
	GlobalSection(ProjectConfigurationPlatforms) = postSolution
		{0E963B0F-81EB-696A-C216-79E4E381E68A}.Debug|Any CPU.ActiveCfg = Debug|Any CPU
		{0E963B0F-81EB-696A-C216-79E4E381E68A}.Debug|Any CPU.Build.0 = Debug|Any CPU
		{0E963B0F-81EB-696A-C216-79E4E381E68A}.Release|Any CPU.ActiveCfg = Release|Any CPU
		{0E963B0F-81EB-696A-C216-79E4E381E68A}.Release|Any CPU.Build.0 = Release|Any CPU
	EndGlobalSection
	GlobalSection(SolutionProperties) = preSolution
		HideSolutionNode = FALSE
	EndGlobalSection
	GlobalSection(ExtensibilityGlobals) = postSolution
		SolutionGuid = {E5E8A6E5-854F-49E3-98A3-3373D992DD95}
	EndGlobalSection
EndGlobal
